
Microsoft Visual Studio Solution File, Format Version 12.00
# Visual Studio Version 17
VisualStudioVersion = 17.14.36221.1 d17.14
MinimumVisualStudioVersion = 10.0.40219.1
Project("{FAE04EC0-301F-11D3-BF4B-00C04F79EFBC}") = "WPF_Garage", "WPF_Garage\WPF_Garage.csproj", "{D77D7A70-D5C9-4AC7-8048-5EA493BF8890}"
EndProject
Project("{FAE04EC0-301F-11D3-BF4B-00C04F79EFBC}") = "WPF_Garage.Core", "WPF_Garage.Core\WPF_Garage.Core.csproj", "{C33134E6-FCEB-41CF-8049-88FE64EDA088}"
EndProject
Global
	GlobalSection(SolutionConfigurationPlatforms) = preSolution
		Debug|Any CPU = Debug|Any CPU
		Release|Any CPU = Release|Any CPU
	EndGlobalSection
	GlobalSection(ProjectConfigurationPlatforms) = postSolution
		{D77D7A70-D5C9-4AC7-8048-5EA493BF8890}.Debug|Any CPU.ActiveCfg = Debug|Any CPU
		{D77D7A70-D5C9-4AC7-8048-5EA493BF8890}.Debug|Any CPU.Build.0 = Debug|Any CPU
		{D77D7A70-D5C9-4AC7-8048-5EA493BF8890}.Release|Any CPU.ActiveCfg = Release|Any CPU
		{D77D7A70-D5C9-4AC7-8048-5EA493BF8890}.Release|Any CPU.Build.0 = Release|Any CPU
		{C33134E6-FCEB-41CF-8049-88FE64EDA088}.Debug|Any CPU.ActiveCfg = Debug|Any CPU
		{C33134E6-FCEB-41CF-8049-88FE64EDA088}.Debug|Any CPU.Build.0 = Debug|Any CPU
		{C33134E6-FCEB-41CF-8049-88FE64EDA088}.Release|Any CPU.ActiveCfg = Release|Any CPU
		{C33134E6-FCEB-41CF-8049-88FE64EDA088}.Release|Any CPU.Build.0 = Release|Any CPU
	EndGlobalSection
	GlobalSection(SolutionProperties) = preSolution
		HideSolutionNode = FALSE
	EndGlobalSection
	GlobalSection(ExtensibilityGlobals) = postSolution
		SolutionGuid = {0E1E8156-E15A-42CF-87BF-6A862A028724}
	EndGlobalSection
EndGlobal
