
Microsoft Visual Studio Solution File, Format Version 12.00
# Visual Studio Version 17
VisualStudioVersion = 17.14.36127.28 d17.14
MinimumVisualStudioVersion = 10.0.40219.1
Project("{FAE04EC0-301F-11D3-BF4B-00C04F79EFBC}") = "ex06_EntityFramework", "ex06_EntityFramework\ex06_EntityFramework.csproj", "{A1E040C5-F6C1-4A7B-B647-6428BAE575DB}"
EndProject
Global
	GlobalSection(SolutionConfigurationPlatforms) = preSolution
		Debug|Any CPU = Debug|Any CPU
		Release|Any CPU = Release|Any CPU
	EndGlobalSection
	GlobalSection(ProjectConfigurationPlatforms) = postSolution
		{A1E040C5-F6C1-4A7B-B647-6428BAE575DB}.Debug|Any CPU.ActiveCfg = Debug|Any CPU
		{A1E040C5-F6C1-4A7B-B647-6428BAE575DB}.Debug|Any CPU.Build.0 = Debug|Any CPU
		{A1E040C5-F6C1-4A7B-B647-6428BAE575DB}.Release|Any CPU.ActiveCfg = Release|Any CPU
		{A1E040C5-F6C1-4A7B-B647-6428BAE575DB}.Release|Any CPU.Build.0 = Release|Any CPU
	EndGlobalSection
	GlobalSection(SolutionProperties) = preSolution
		HideSolutionNode = FALSE
	EndGlobalSection
	GlobalSection(ExtensibilityGlobals) = postSolution
		SolutionGuid = {778C1A50-5524-42EB-BF95-3409051E9D7A}
	EndGlobalSection
EndGlobal
